// !$*UTF8*$!
{
	archiveVersion = 1;
	classes = {
	};
	objectVersion = 48;
	objects = {

/* Begin PBXBuildFile section */
		6916676420DD3826003D92CD /* Cxecker.swift in Sources */ = {isa = PBXBuildFile; fileRef = 6916676320DD3826003D92CD /* Cxecker.swift */; };
		69312EBD20C14D5300589684 /* Product.swift in Sources */ = {isa = PBXBuildFile; fileRef = 69312EBC20C14D5300589684 /* Product.swift */; };
		693766762081079300BB7999 /* AppDelegate.swift in Sources */ = {isa = PBXBuildFile; fileRef = 693766752081079300BB7999 /* AppDelegate.swift */; };
		693766782081079300BB7999 /* ViewController.swift in Sources */ = {isa = PBXBuildFile; fileRef = 693766772081079300BB7999 /* ViewController.swift */; };
		6937667B2081079300BB7999 /* Main.storyboard in Resources */ = {isa = PBXBuildFile; fileRef = 693766792081079300BB7999 /* Main.storyboard */; };
		693766802081079300BB7999 /* Assets.xcassets in Resources */ = {isa = PBXBuildFile; fileRef = 6937667F2081079300BB7999 /* Assets.xcassets */; };
		693766832081079300BB7999 /* LaunchScreen.storyboard in Resources */ = {isa = PBXBuildFile; fileRef = 693766812081079300BB7999 /* LaunchScreen.storyboard */; };
		6937668E2081079300BB7999 /* gripTests.swift in Sources */ = {isa = PBXBuildFile; fileRef = 6937668D2081079300BB7999 /* gripTests.swift */; };
		693766992081079300BB7999 /* gripUITests.swift in Sources */ = {isa = PBXBuildFile; fileRef = 693766982081079300BB7999 /* gripUITests.swift */; };
		693766A82081082700BB7999 /* libc++.tbd in Frameworks */ = {isa = PBXBuildFile; fileRef = 693766A72081082700BB7999 /* libc++.tbd */; };
		693766AA2081082F00BB7999 /* libiconv.tbd in Frameworks */ = {isa = PBXBuildFile; fileRef = 693766A92081082F00BB7999 /* libiconv.tbd */; };
		693766AC2081084E00BB7999 /* CoreText.framework in Frameworks */ = {isa = PBXBuildFile; fileRef = 693766AB2081084E00BB7999 /* CoreText.framework */; };
		693766AE2081085800BB7999 /* libz.tbd in Frameworks */ = {isa = PBXBuildFile; fileRef = 693766AD2081085800BB7999 /* libz.tbd */; };
		693766B02081086B00BB7999 /* OpenGLES.framework in Frameworks */ = {isa = PBXBuildFile; fileRef = 693766AF2081086B00BB7999 /* OpenGLES.framework */; };
		693766B22081087300BB7999 /* MessageUI.framework in Frameworks */ = {isa = PBXBuildFile; fileRef = 693766B12081087300BB7999 /* MessageUI.framework */; };
		693766B42081087D00BB7999 /* CoreVideo.framework in Frameworks */ = {isa = PBXBuildFile; fileRef = 693766B32081087D00BB7999 /* CoreVideo.framework */; };
		693766B62081088400BB7999 /* UIKit.framework in Frameworks */ = {isa = PBXBuildFile; fileRef = 693766B52081088400BB7999 /* UIKit.framework */; };
		693766B82081089100BB7999 /* Foundation.framework in Frameworks */ = {isa = PBXBuildFile; fileRef = 693766B72081089100BB7999 /* Foundation.framework */; };
		693766BA2081089800BB7999 /* CoreGraphics.framework in Frameworks */ = {isa = PBXBuildFile; fileRef = 693766B92081089800BB7999 /* CoreGraphics.framework */; };
		693766BC2081089F00BB7999 /* AudioToolbox.framework in Frameworks */ = {isa = PBXBuildFile; fileRef = 693766BB2081089F00BB7999 /* AudioToolbox.framework */; };
		693766BE208108A700BB7999 /* AVFoundation.framework in Frameworks */ = {isa = PBXBuildFile; fileRef = 693766BD208108A700BB7999 /* AVFoundation.framework */; };
		693766C0208108AE00BB7999 /* CoreMedia.framework in Frameworks */ = {isa = PBXBuildFile; fileRef = 693766BF208108AE00BB7999 /* CoreMedia.framework */; };
		693766C2208108B400BB7999 /* QuartzCore.framework in Frameworks */ = {isa = PBXBuildFile; fileRef = 693766C1208108B400BB7999 /* QuartzCore.framework */; };
		693766C4208108BB00BB7999 /* SystemConfiguration.framework in Frameworks */ = {isa = PBXBuildFile; fileRef = 693766C3208108BB00BB7999 /* SystemConfiguration.framework */; };
		693766C6208108C200BB7999 /* MediaPlayer.framework in Frameworks */ = {isa = PBXBuildFile; fileRef = 693766C5208108C200BB7999 /* MediaPlayer.framework */; };
		693766CC2081095500BB7999 /* ScanditBarcodeScanner.framework in Frameworks */ = {isa = PBXBuildFile; fileRef = 693766CB2081095500BB7999 /* ScanditBarcodeScanner.framework */; };
		693766CE2081446E00BB7999 /* TableViewController.swift in Sources */ = {isa = PBXBuildFile; fileRef = 693766CD2081446E00BB7999 /* TableViewController.swift */; };
		693766D220814FD500BB7999 /* DetailsViewController.swift in Sources */ = {isa = PBXBuildFile; fileRef = 693766D120814FD500BB7999 /* DetailsViewController.swift */; };
		69562E2620CC34C400EF0EAD /* test.swift in Sources */ = {isa = PBXBuildFile; fileRef = 69562E2520CC34C400EF0EAD /* test.swift */; };
		69657C9C20BADADC007A7363 /* OGDAPI.swift in Sources */ = {isa = PBXBuildFile; fileRef = 69657C9B20BADADC007A7363 /* OGDAPI.swift */; };
		69CB497720D5AD7400EBF0F1 /* OFFAPI.swift in Sources */ = {isa = PBXBuildFile; fileRef = 69CB497620D5AD7400EBF0F1 /* OFFAPI.swift */; };
/* End PBXBuildFile section */

/* Begin PBXContainerItemProxy section */
		6937668A2081079300BB7999 /* PBXContainerItemProxy */ = {
			isa = PBXContainerItemProxy;
			containerPortal = 6937666A2081079200BB7999 /* Project object */;
			proxyType = 1;
			remoteGlobalIDString = 693766712081079200BB7999;
			remoteInfo = grip;
		};
		693766952081079300BB7999 /* PBXContainerItemProxy */ = {
			isa = PBXContainerItemProxy;
			containerPortal = 6937666A2081079200BB7999 /* Project object */;
			proxyType = 1;
			remoteGlobalIDString = 693766712081079200BB7999;
			remoteInfo = grip;
		};
/* End PBXContainerItemProxy section */

/* Begin PBXFileReference section */
		6916676320DD3826003D92CD /* Cxecker.swift */ = {isa = PBXFileReference; lastKnownFileType = sourcecode.swift; path = Cxecker.swift; sourceTree = "<group>"; };
		69312EBC20C14D5300589684 /* Product.swift */ = {isa = PBXFileReference; lastKnownFileType = sourcecode.swift; path = Product.swift; sourceTree = "<group>"; };
		693766722081079300BB7999 /* grip.app */ = {isa = PBXFileReference; explicitFileType = wrapper.application; includeInIndex = 0; path = grip.app; sourceTree = BUILT_PRODUCTS_DIR; };
		693766752081079300BB7999 /* AppDelegate.swift */ = {isa = PBXFileReference; lastKnownFileType = sourcecode.swift; path = AppDelegate.swift; sourceTree = "<group>"; };
		693766772081079300BB7999 /* ViewController.swift */ = {isa = PBXFileReference; lastKnownFileType = sourcecode.swift; path = ViewController.swift; sourceTree = "<group>"; };
		6937667A2081079300BB7999 /* Base */ = {isa = PBXFileReference; lastKnownFileType = file.storyboard; name = Base; path = Base.lproj/Main.storyboard; sourceTree = "<group>"; };
		6937667F2081079300BB7999 /* Assets.xcassets */ = {isa = PBXFileReference; lastKnownFileType = folder.assetcatalog; path = Assets.xcassets; sourceTree = "<group>"; };
		693766822081079300BB7999 /* Base */ = {isa = PBXFileReference; lastKnownFileType = file.storyboard; name = Base; path = Base.lproj/LaunchScreen.storyboard; sourceTree = "<group>"; };
		693766842081079300BB7999 /* Info.plist */ = {isa = PBXFileReference; lastKnownFileType = text.plist.xml; path = Info.plist; sourceTree = "<group>"; };
		693766892081079300BB7999 /* gripTests.xctest */ = {isa = PBXFileReference; explicitFileType = wrapper.cfbundle; includeInIndex = 0; path = gripTests.xctest; sourceTree = BUILT_PRODUCTS_DIR; };
		6937668D2081079300BB7999 /* gripTests.swift */ = {isa = PBXFileReference; lastKnownFileType = sourcecode.swift; path = gripTests.swift; sourceTree = "<group>"; };
		6937668F2081079300BB7999 /* Info.plist */ = {isa = PBXFileReference; lastKnownFileType = text.plist.xml; path = Info.plist; sourceTree = "<group>"; };
		693766942081079300BB7999 /* gripUITests.xctest */ = {isa = PBXFileReference; explicitFileType = wrapper.cfbundle; includeInIndex = 0; path = gripUITests.xctest; sourceTree = BUILT_PRODUCTS_DIR; };
		693766982081079300BB7999 /* gripUITests.swift */ = {isa = PBXFileReference; lastKnownFileType = sourcecode.swift; path = gripUITests.swift; sourceTree = "<group>"; };
		6937669A2081079300BB7999 /* Info.plist */ = {isa = PBXFileReference; lastKnownFileType = text.plist.xml; path = Info.plist; sourceTree = "<group>"; };
		693766A72081082700BB7999 /* libc++.tbd */ = {isa = PBXFileReference; lastKnownFileType = "sourcecode.text-based-dylib-definition"; name = "libc++.tbd"; path = "usr/lib/libc++.tbd"; sourceTree = SDKROOT; };
		693766A92081082F00BB7999 /* libiconv.tbd */ = {isa = PBXFileReference; lastKnownFileType = "sourcecode.text-based-dylib-definition"; name = libiconv.tbd; path = usr/lib/libiconv.tbd; sourceTree = SDKROOT; };
		693766AB2081084E00BB7999 /* CoreText.framework */ = {isa = PBXFileReference; lastKnownFileType = wrapper.framework; name = CoreText.framework; path = System/Library/Frameworks/CoreText.framework; sourceTree = SDKROOT; };
		693766AD2081085800BB7999 /* libz.tbd */ = {isa = PBXFileReference; lastKnownFileType = "sourcecode.text-based-dylib-definition"; name = libz.tbd; path = usr/lib/libz.tbd; sourceTree = SDKROOT; };
		693766AF2081086B00BB7999 /* OpenGLES.framework */ = {isa = PBXFileReference; lastKnownFileType = wrapper.framework; name = OpenGLES.framework; path = System/Library/Frameworks/OpenGLES.framework; sourceTree = SDKROOT; };
		693766B12081087300BB7999 /* MessageUI.framework */ = {isa = PBXFileReference; lastKnownFileType = wrapper.framework; name = MessageUI.framework; path = System/Library/Frameworks/MessageUI.framework; sourceTree = SDKROOT; };
		693766B32081087D00BB7999 /* CoreVideo.framework */ = {isa = PBXFileReference; lastKnownFileType = wrapper.framework; name = CoreVideo.framework; path = System/Library/Frameworks/CoreVideo.framework; sourceTree = SDKROOT; };
		693766B52081088400BB7999 /* UIKit.framework */ = {isa = PBXFileReference; lastKnownFileType = wrapper.framework; name = UIKit.framework; path = System/Library/Frameworks/UIKit.framework; sourceTree = SDKROOT; };
		693766B72081089100BB7999 /* Foundation.framework */ = {isa = PBXFileReference; lastKnownFileType = wrapper.framework; name = Foundation.framework; path = System/Library/Frameworks/Foundation.framework; sourceTree = SDKROOT; };
		693766B92081089800BB7999 /* CoreGraphics.framework */ = {isa = PBXFileReference; lastKnownFileType = wrapper.framework; name = CoreGraphics.framework; path = System/Library/Frameworks/CoreGraphics.framework; sourceTree = SDKROOT; };
		693766BB2081089F00BB7999 /* AudioToolbox.framework */ = {isa = PBXFileReference; lastKnownFileType = wrapper.framework; name = AudioToolbox.framework; path = System/Library/Frameworks/AudioToolbox.framework; sourceTree = SDKROOT; };
		693766BD208108A700BB7999 /* AVFoundation.framework */ = {isa = PBXFileReference; lastKnownFileType = wrapper.framework; name = AVFoundation.framework; path = System/Library/Frameworks/AVFoundation.framework; sourceTree = SDKROOT; };
		693766BF208108AE00BB7999 /* CoreMedia.framework */ = {isa = PBXFileReference; lastKnownFileType = wrapper.framework; name = CoreMedia.framework; path = System/Library/Frameworks/CoreMedia.framework; sourceTree = SDKROOT; };
		693766C1208108B400BB7999 /* QuartzCore.framework */ = {isa = PBXFileReference; lastKnownFileType = wrapper.framework; name = QuartzCore.framework; path = System/Library/Frameworks/QuartzCore.framework; sourceTree = SDKROOT; };
		693766C3208108BB00BB7999 /* SystemConfiguration.framework */ = {isa = PBXFileReference; lastKnownFileType = wrapper.framework; name = SystemConfiguration.framework; path = System/Library/Frameworks/SystemConfiguration.framework; sourceTree = SDKROOT; };
		693766C5208108C200BB7999 /* MediaPlayer.framework */ = {isa = PBXFileReference; lastKnownFileType = wrapper.framework; name = MediaPlayer.framework; path = System/Library/Frameworks/MediaPlayer.framework; sourceTree = SDKROOT; };
		693766CB2081095500BB7999 /* ScanditBarcodeScanner.framework */ = {isa = PBXFileReference; lastKnownFileType = wrapper.framework; name = ScanditBarcodeScanner.framework; path = "../../../Downloads/scandit-barcodescanner-community-ios_5.7.1/ScanditSDK/ScanditBarcodeScanner.framework"; sourceTree = "<group>"; };
		693766CD2081446E00BB7999 /* TableViewController.swift */ = {isa = PBXFileReference; lastKnownFileType = sourcecode.swift; path = TableViewController.swift; sourceTree = "<group>"; };
		693766D120814FD500BB7999 /* DetailsViewController.swift */ = {isa = PBXFileReference; lastKnownFileType = sourcecode.swift; path = DetailsViewController.swift; sourceTree = "<group>"; };
		69562E2520CC34C400EF0EAD /* test.swift */ = {isa = PBXFileReference; lastKnownFileType = sourcecode.swift; path = test.swift; sourceTree = "<group>"; };
		69657C9B20BADADC007A7363 /* OGDAPI.swift */ = {isa = PBXFileReference; lastKnownFileType = sourcecode.swift; path = OGDAPI.swift; sourceTree = "<group>"; };
		69CB497620D5AD7400EBF0F1 /* OFFAPI.swift */ = {isa = PBXFileReference; lastKnownFileType = sourcecode.swift; path = OFFAPI.swift; sourceTree = "<group>"; };
/* End PBXFileReference section */

/* Begin PBXFrameworksBuildPhase section */
		6937666F2081079200BB7999 /* Frameworks */ = {
			isa = PBXFrameworksBuildPhase;
			buildActionMask = 2147483647;
			files = (
				693766C6208108C200BB7999 /* MediaPlayer.framework in Frameworks */,
				693766C4208108BB00BB7999 /* SystemConfiguration.framework in Frameworks */,
				693766C2208108B400BB7999 /* QuartzCore.framework in Frameworks */,
				693766C0208108AE00BB7999 /* CoreMedia.framework in Frameworks */,
				693766BE208108A700BB7999 /* AVFoundation.framework in Frameworks */,
				693766BC2081089F00BB7999 /* AudioToolbox.framework in Frameworks */,
				693766BA2081089800BB7999 /* CoreGraphics.framework in Frameworks */,
				693766B82081089100BB7999 /* Foundation.framework in Frameworks */,
				693766B62081088400BB7999 /* UIKit.framework in Frameworks */,
				693766B42081087D00BB7999 /* CoreVideo.framework in Frameworks */,
				693766B22081087300BB7999 /* MessageUI.framework in Frameworks */,
				693766CC2081095500BB7999 /* ScanditBarcodeScanner.framework in Frameworks */,
				693766B02081086B00BB7999 /* OpenGLES.framework in Frameworks */,
				693766AC2081084E00BB7999 /* CoreText.framework in Frameworks */,
				693766AE2081085800BB7999 /* libz.tbd in Frameworks */,
				693766AA2081082F00BB7999 /* libiconv.tbd in Frameworks */,
				693766A82081082700BB7999 /* libc++.tbd in Frameworks */,
			);
			runOnlyForDeploymentPostprocessing = 0;
		};
		693766862081079300BB7999 /* Frameworks */ = {
			isa = PBXFrameworksBuildPhase;
			buildActionMask = 2147483647;
			files = (
			);
			runOnlyForDeploymentPostprocessing = 0;
		};
		693766912081079300BB7999 /* Frameworks */ = {
			isa = PBXFrameworksBuildPhase;
			buildActionMask = 2147483647;
			files = (
			);
			runOnlyForDeploymentPostprocessing = 0;
		};
/* End PBXFrameworksBuildPhase section */

/* Begin PBXGroup section */
		693766692081079200BB7999 = {
			isa = PBXGroup;
			children = (
				693766742081079300BB7999 /* grip */,
				6937668C2081079300BB7999 /* gripTests */,
				693766972081079300BB7999 /* gripUITests */,
				693766732081079300BB7999 /* Products */,
				693766A62081082600BB7999 /* Frameworks */,
			);
			sourceTree = "<group>";
		};
		693766732081079300BB7999 /* Products */ = {
			isa = PBXGroup;
			children = (
				693766722081079300BB7999 /* grip.app */,
				693766892081079300BB7999 /* gripTests.xctest */,
				693766942081079300BB7999 /* gripUITests.xctest */,
			);
			name = Products;
			sourceTree = "<group>";
		};
		693766742081079300BB7999 /* grip */ = {
			isa = PBXGroup;
			children = (
				693766752081079300BB7999 /* AppDelegate.swift */,
				693766772081079300BB7999 /* ViewController.swift */,
				693766CD2081446E00BB7999 /* TableViewController.swift */,
				693766D120814FD500BB7999 /* DetailsViewController.swift */,
				69657C9B20BADADC007A7363 /* OGDAPI.swift */,
				69CB497620D5AD7400EBF0F1 /* OFFAPI.swift */,
				69312EBC20C14D5300589684 /* Product.swift */,
				6916676320DD3826003D92CD /* Cxecker.swift */,
				69562E2520CC34C400EF0EAD /* test.swift */,
				693766792081079300BB7999 /* Main.storyboard */,
				6937667F2081079300BB7999 /* Assets.xcassets */,
				693766812081079300BB7999 /* LaunchScreen.storyboard */,
				693766842081079300BB7999 /* Info.plist */,
			);
			path = grip;
			sourceTree = "<group>";
		};
		6937668C2081079300BB7999 /* gripTests */ = {
			isa = PBXGroup;
			children = (
				6937668D2081079300BB7999 /* gripTests.swift */,
				6937668F2081079300BB7999 /* Info.plist */,
			);
			path = gripTests;
			sourceTree = "<group>";
		};
		693766972081079300BB7999 /* gripUITests */ = {
			isa = PBXGroup;
			children = (
				693766982081079300BB7999 /* gripUITests.swift */,
				6937669A2081079300BB7999 /* Info.plist */,
			);
			path = gripUITests;
			sourceTree = "<group>";
		};
		693766A62081082600BB7999 /* Frameworks */ = {
			isa = PBXGroup;
			children = (
				693766CB2081095500BB7999 /* ScanditBarcodeScanner.framework */,
				693766C5208108C200BB7999 /* MediaPlayer.framework */,
				693766C3208108BB00BB7999 /* SystemConfiguration.framework */,
				693766C1208108B400BB7999 /* QuartzCore.framework */,
				693766BF208108AE00BB7999 /* CoreMedia.framework */,
				693766BD208108A700BB7999 /* AVFoundation.framework */,
				693766BB2081089F00BB7999 /* AudioToolbox.framework */,
				693766B92081089800BB7999 /* CoreGraphics.framework */,
				693766B72081089100BB7999 /* Foundation.framework */,
				693766B52081088400BB7999 /* UIKit.framework */,
				693766B32081087D00BB7999 /* CoreVideo.framework */,
				693766B12081087300BB7999 /* MessageUI.framework */,
				693766AF2081086B00BB7999 /* OpenGLES.framework */,
				693766AD2081085800BB7999 /* libz.tbd */,
				693766AB2081084E00BB7999 /* CoreText.framework */,
				693766A92081082F00BB7999 /* libiconv.tbd */,
				693766A72081082700BB7999 /* libc++.tbd */,
			);
			name = Frameworks;
			sourceTree = "<group>";
		};
/* End PBXGroup section */

/* Begin PBXNativeTarget section */
		693766712081079200BB7999 /* grip */ = {
			isa = PBXNativeTarget;
			buildConfigurationList = 6937669D2081079300BB7999 /* Build configuration list for PBXNativeTarget "grip" */;
			buildPhases = (
				6937666E2081079200BB7999 /* Sources */,
				6937666F2081079200BB7999 /* Frameworks */,
				693766702081079200BB7999 /* Resources */,
			);
			buildRules = (
			);
			dependencies = (
			);
			name = grip;
			productName = grip;
			productReference = 693766722081079300BB7999 /* grip.app */;
			productType = "com.apple.product-type.application";
		};
		693766882081079300BB7999 /* gripTests */ = {
			isa = PBXNativeTarget;
			buildConfigurationList = 693766A02081079300BB7999 /* Build configuration list for PBXNativeTarget "gripTests" */;
			buildPhases = (
				693766852081079300BB7999 /* Sources */,
				693766862081079300BB7999 /* Frameworks */,
				693766872081079300BB7999 /* Resources */,
			);
			buildRules = (
			);
			dependencies = (
				6937668B2081079300BB7999 /* PBXTargetDependency */,
			);
			name = gripTests;
			productName = gripTests;
			productReference = 693766892081079300BB7999 /* gripTests.xctest */;
			productType = "com.apple.product-type.bundle.unit-test";
		};
		693766932081079300BB7999 /* gripUITests */ = {
			isa = PBXNativeTarget;
			buildConfigurationList = 693766A32081079300BB7999 /* Build configuration list for PBXNativeTarget "gripUITests" */;
			buildPhases = (
				693766902081079300BB7999 /* Sources */,
				693766912081079300BB7999 /* Frameworks */,
				693766922081079300BB7999 /* Resources */,
			);
			buildRules = (
			);
			dependencies = (
				693766962081079300BB7999 /* PBXTargetDependency */,
			);
			name = gripUITests;
			productName = gripUITests;
			productReference = 693766942081079300BB7999 /* gripUITests.xctest */;
			productType = "com.apple.product-type.bundle.ui-testing";
		};
/* End PBXNativeTarget section */

/* Begin PBXProject section */
		6937666A2081079200BB7999 /* Project object */ = {
			isa = PBXProject;
			attributes = {
				LastSwiftUpdateCheck = 0920;
				LastUpgradeCheck = 0930;
				ORGANIZATIONNAME = SherrillTrust;
				TargetAttributes = {
					693766712081079200BB7999 = {
						CreatedOnToolsVersion = 9.2;
						ProvisioningStyle = Automatic;
					};
					693766882081079300BB7999 = {
						CreatedOnToolsVersion = 9.2;
						ProvisioningStyle = Automatic;
						TestTargetID = 693766712081079200BB7999;
					};
					693766932081079300BB7999 = {
						CreatedOnToolsVersion = 9.2;
						ProvisioningStyle = Automatic;
						TestTargetID = 693766712081079200BB7999;
					};
				};
			};
			buildConfigurationList = 6937666D2081079200BB7999 /* Build configuration list for PBXProject "grip" */;
			compatibilityVersion = "Xcode 8.0";
			developmentRegion = en;
			hasScannedForEncodings = 0;
			knownRegions = (
				en,
				Base,
			);
			mainGroup = 693766692081079200BB7999;
			productRefGroup = 693766732081079300BB7999 /* Products */;
			projectDirPath = "";
			projectRoot = "";
			targets = (
				693766712081079200BB7999 /* grip */,
				693766882081079300BB7999 /* gripTests */,
				693766932081079300BB7999 /* gripUITests */,
			);
		};
/* End PBXProject section */

/* Begin PBXResourcesBuildPhase section */
		693766702081079200BB7999 /* Resources */ = {
			isa = PBXResourcesBuildPhase;
			buildActionMask = 2147483647;
			files = (
				693766832081079300BB7999 /* LaunchScreen.storyboard in Resources */,
				693766802081079300BB7999 /* Assets.xcassets in Resources */,
				6937667B2081079300BB7999 /* Main.storyboard in Resources */,
			);
			runOnlyForDeploymentPostprocessing = 0;
		};
		693766872081079300BB7999 /* Resources */ = {
			isa = PBXResourcesBuildPhase;
			buildActionMask = 2147483647;
			files = (
			);
			runOnlyForDeploymentPostprocessing = 0;
		};
		693766922081079300BB7999 /* Resources */ = {
			isa = PBXResourcesBuildPhase;
			buildActionMask = 2147483647;
			files = (
			);
			runOnlyForDeploymentPostprocessing = 0;
		};
/* End PBXResourcesBuildPhase section */

/* Begin PBXSourcesBuildPhase section */
		6937666E2081079200BB7999 /* Sources */ = {
			isa = PBXSourcesBuildPhase;
			buildActionMask = 2147483647;
			files = (
				693766782081079300BB7999 /* ViewController.swift in Sources */,
				69657C9C20BADADC007A7363 /* OGDAPI.swift in Sources */,
				69312EBD20C14D5300589684 /* Product.swift in Sources */,
				69562E2620CC34C400EF0EAD /* test.swift in Sources */,
				69CB497720D5AD7400EBF0F1 /* OFFAPI.swift in Sources */,
				6916676420DD3826003D92CD /* Cxecker.swift in Sources */,
				693766762081079300BB7999 /* AppDelegate.swift in Sources */,
				693766CE2081446E00BB7999 /* TableViewController.swift in Sources */,
				693766D220814FD500BB7999 /* DetailsViewController.swift in Sources */,
			);
			runOnlyForDeploymentPostprocessing = 0;
		};
		693766852081079300BB7999 /* Sources */ = {
			isa = PBXSourcesBuildPhase;
			buildActionMask = 2147483647;
			files = (
				6937668E2081079300BB7999 /* gripTests.swift in Sources */,
			);
			runOnlyForDeploymentPostprocessing = 0;
		};
		693766902081079300BB7999 /* Sources */ = {
			isa = PBXSourcesBuildPhase;
			buildActionMask = 2147483647;
			files = (
				693766992081079300BB7999 /* gripUITests.swift in Sources */,
			);
			runOnlyForDeploymentPostprocessing = 0;
		};
/* End PBXSourcesBuildPhase section */

/* Begin PBXTargetDependency section */
		6937668B2081079300BB7999 /* PBXTargetDependency */ = {
			isa = PBXTargetDependency;
			target = 693766712081079200BB7999 /* grip */;
			targetProxy = 6937668A2081079300BB7999 /* PBXContainerItemProxy */;
		};
		693766962081079300BB7999 /* PBXTargetDependency */ = {
			isa = PBXTargetDependency;
			target = 693766712081079200BB7999 /* grip */;
			targetProxy = 693766952081079300BB7999 /* PBXContainerItemProxy */;
		};
/* End PBXTargetDependency section */

/* Begin PBXVariantGroup section */
		693766792081079300BB7999 /* Main.storyboard */ = {
			isa = PBXVariantGroup;
			children = (
				6937667A2081079300BB7999 /* Base */,
			);
			name = Main.storyboard;
			sourceTree = "<group>";
		};
		693766812081079300BB7999 /* LaunchScreen.storyboard */ = {
			isa = PBXVariantGroup;
			children = (
				693766822081079300BB7999 /* Base */,
			);
			name = LaunchScreen.storyboard;
			sourceTree = "<group>";
		};
/* End PBXVariantGroup section */

/* Begin XCBuildConfiguration section */
		6937669B2081079300BB7999 /* Debug */ = {
			isa = XCBuildConfiguration;
			buildSettings = {
				ALWAYS_SEARCH_USER_PATHS = NO;
				CLANG_ANALYZER_NONNULL = YES;
				CLANG_ANALYZER_NUMBER_OBJECT_CONVERSION = YES_AGGRESSIVE;
				CLANG_CXX_LANGUAGE_STANDARD = "gnu++14";
				CLANG_CXX_LIBRARY = "libc++";
				CLANG_ENABLE_MODULES = YES;
				CLANG_ENABLE_OBJC_ARC = YES;
				CLANG_WARN_BLOCK_CAPTURE_AUTORELEASING = YES;
				CLANG_WARN_BOOL_CONVERSION = YES;
				CLANG_WARN_COMMA = YES;
				CLANG_WARN_CONSTANT_CONVERSION = YES;
				CLANG_WARN_DEPRECATED_OBJC_IMPLEMENTATIONS = YES;
				CLANG_WARN_DIRECT_OBJC_ISA_USAGE = YES_ERROR;
				CLANG_WARN_DOCUMENTATION_COMMENTS = YES;
				CLANG_WARN_EMPTY_BODY = YES;
				CLANG_WARN_ENUM_CONVERSION = YES;
				CLANG_WARN_INFINITE_RECURSION = YES;
				CLANG_WARN_INT_CONVERSION = YES;
				CLANG_WARN_NON_LITERAL_NULL_CONVERSION = YES;
				CLANG_WARN_OBJC_IMPLICIT_RETAIN_SELF = YES;
				CLANG_WARN_OBJC_LITERAL_CONVERSION = YES;
				CLANG_WARN_OBJC_ROOT_CLASS = YES_ERROR;
				CLANG_WARN_RANGE_LOOP_ANALYSIS = YES;
				CLANG_WARN_STRICT_PROTOTYPES = YES;
				CLANG_WARN_SUSPICIOUS_MOVE = YES;
				CLANG_WARN_UNGUARDED_AVAILABILITY = YES_AGGRESSIVE;
				CLANG_WARN_UNREACHABLE_CODE = YES;
				CLANG_WARN__DUPLICATE_METHOD_MATCH = YES;
				CODE_SIGN_IDENTITY = "iPhone Developer";
				COPY_PHASE_STRIP = NO;
				DEBUG_INFORMATION_FORMAT = dwarf;
				ENABLE_STRICT_OBJC_MSGSEND = YES;
				ENABLE_TESTABILITY = YES;
				GCC_C_LANGUAGE_STANDARD = gnu11;
				GCC_DYNAMIC_NO_PIC = NO;
				GCC_NO_COMMON_BLOCKS = YES;
				GCC_OPTIMIZATION_LEVEL = 0;
				GCC_PREPROCESSOR_DEFINITIONS = (
					"DEBUG=1",
					"$(inherited)",
				);
				GCC_WARN_64_TO_32_BIT_CONVERSION = YES;
				GCC_WARN_ABOUT_RETURN_TYPE = YES_ERROR;
				GCC_WARN_UNDECLARED_SELECTOR = YES;
				GCC_WARN_UNINITIALIZED_AUTOS = YES_AGGRESSIVE;
				GCC_WARN_UNUSED_FUNCTION = YES;
				GCC_WARN_UNUSED_VARIABLE = YES;
				IPHONEOS_DEPLOYMENT_TARGET = 11.2;
				MTL_ENABLE_DEBUG_INFO = YES;
				ONLY_ACTIVE_ARCH = YES;
				SDKROOT = iphoneos;
				SWIFT_ACTIVE_COMPILATION_CONDITIONS = DEBUG;
				SWIFT_OPTIMIZATION_LEVEL = "-Onone";
			};
			name = Debug;
		};
		6937669C2081079300BB7999 /* Release */ = {
			isa = XCBuildConfiguration;
			buildSettings = {
				ALWAYS_SEARCH_USER_PATHS = NO;
				CLANG_ANALYZER_NONNULL = YES;
				CLANG_ANALYZER_NUMBER_OBJECT_CONVERSION = YES_AGGRESSIVE;
				CLANG_CXX_LANGUAGE_STANDARD = "gnu++14";
				CLANG_CXX_LIBRARY = "libc++";
				CLANG_ENABLE_MODULES = YES;
				CLANG_ENABLE_OBJC_ARC = YES;
				CLANG_WARN_BLOCK_CAPTURE_AUTORELEASING = YES;
				CLANG_WARN_BOOL_CONVERSION = YES;
				CLANG_WARN_COMMA = YES;
				CLANG_WARN_CONSTANT_CONVERSION = YES;
				CLANG_WARN_DEPRECATED_OBJC_IMPLEMENTATIONS = YES;
				CLANG_WARN_DIRECT_OBJC_ISA_USAGE = YES_ERROR;
				CLANG_WARN_DOCUMENTATION_COMMENTS = YES;
				CLANG_WARN_EMPTY_BODY = YES;
				CLANG_WARN_ENUM_CONVERSION = YES;
				CLANG_WARN_INFINITE_RECURSION = YES;
				CLANG_WARN_INT_CONVERSION = YES;
				CLANG_WARN_NON_LITERAL_NULL_CONVERSION = YES;
				CLANG_WARN_OBJC_IMPLICIT_RETAIN_SELF = YES;
				CLANG_WARN_OBJC_LITERAL_CONVERSION = YES;
				CLANG_WARN_OBJC_ROOT_CLASS = YES_ERROR;
				CLANG_WARN_RANGE_LOOP_ANALYSIS = YES;
				CLANG_WARN_STRICT_PROTOTYPES = YES;
				CLANG_WARN_SUSPICIOUS_MOVE = YES;
				CLANG_WARN_UNGUARDED_AVAILABILITY = YES_AGGRESSIVE;
				CLANG_WARN_UNREACHABLE_CODE = YES;
				CLANG_WARN__DUPLICATE_METHOD_MATCH = YES;
				CODE_SIGN_IDENTITY = "iPhone Developer";
				COPY_PHASE_STRIP = NO;
				DEBUG_INFORMATION_FORMAT = "dwarf-with-dsym";
				ENABLE_NS_ASSERTIONS = NO;
				ENABLE_STRICT_OBJC_MSGSEND = YES;
				GCC_C_LANGUAGE_STANDARD = gnu11;
				GCC_NO_COMMON_BLOCKS = YES;
				GCC_WARN_64_TO_32_BIT_CONVERSION = YES;
				GCC_WARN_ABOUT_RETURN_TYPE = YES_ERROR;
				GCC_WARN_UNDECLARED_SELECTOR = YES;
				GCC_WARN_UNINITIALIZED_AUTOS = YES_AGGRESSIVE;
				GCC_WARN_UNUSED_FUNCTION = YES;
				GCC_WARN_UNUSED_VARIABLE = YES;
				IPHONEOS_DEPLOYMENT_TARGET = 11.2;
				MTL_ENABLE_DEBUG_INFO = NO;
				SDKROOT = iphoneos;
				SWIFT_OPTIMIZATION_LEVEL = "-Owholemodule";
				VALIDATE_PRODUCT = YES;
			};
			name = Release;
		};
		6937669E2081079300BB7999 /* Debug */ = {
			isa = XCBuildConfiguration;
			buildSettings = {
				ASSETCATALOG_COMPILER_APPICON_NAME = AppIcon;
				CODE_SIGN_STYLE = Automatic;
				DEVELOPMENT_TEAM = UEK3E6NUG7;
				FRAMEWORK_SEARCH_PATHS = (
					"$(inherited)",
					"$(PROJECT_DIR)",
				);
				INFOPLIST_FILE = grip/Info.plist;
				LD_RUNPATH_SEARCH_PATHS = "$(inherited) @executable_path/Frameworks";
				PRODUCT_BUNDLE_IDENTIFIER = com.example.sherrill.grip;
				PRODUCT_NAME = "$(TARGET_NAME)";
				SWIFT_VERSION = 4.0;
				TARGETED_DEVICE_FAMILY = "1,2";
			};
			name = Debug;
		};
		6937669F2081079300BB7999 /* Release */ = {
			isa = XCBuildConfiguration;
			buildSettings = {
				ASSETCATALOG_COMPILER_APPICON_NAME = AppIcon;
				CODE_SIGN_STYLE = Automatic;
				DEVELOPMENT_TEAM = UEK3E6NUG7;
				FRAMEWORK_SEARCH_PATHS = (
					"$(inherited)",
					"$(PROJECT_DIR)",
				);
				INFOPLIST_FILE = grip/Info.plist;
				LD_RUNPATH_SEARCH_PATHS = "$(inherited) @executable_path/Frameworks";
				PRODUCT_BUNDLE_IDENTIFIER = com.example.sherrill.grip;
				PRODUCT_NAME = "$(TARGET_NAME)";
				SWIFT_VERSION = 4.0;
				TARGETED_DEVICE_FAMILY = "1,2";
			};
			name = Release;
		};
		693766A12081079300BB7999 /* Debug */ = {
			isa = XCBuildConfiguration;
			buildSettings = {
				ALWAYS_EMBED_SWIFT_STANDARD_LIBRARIES = YES;
				BUNDLE_LOADER = "$(TEST_HOST)";
				CODE_SIGN_STYLE = Automatic;
				DEVELOPMENT_TEAM = UEK3E6NUG7;
				INFOPLIST_FILE = gripTests/Info.plist;
				LD_RUNPATH_SEARCH_PATHS = "$(inherited) @executable_path/Frameworks @loader_path/Frameworks";
				PRODUCT_BUNDLE_IDENTIFIER = com.example.sherrill.gripTests;
				PRODUCT_NAME = "$(TARGET_NAME)";
				SWIFT_VERSION = 4.0;
				TARGETED_DEVICE_FAMILY = "1,2";
				TEST_HOST = "$(BUILT_PRODUCTS_DIR)/grip.app/grip";
			};
			name = Debug;
		};
		693766A22081079300BB7999 /* Release */ = {
			isa = XCBuildConfiguration;
			buildSettings = {
				ALWAYS_EMBED_SWIFT_STANDARD_LIBRARIES = YES;
				BUNDLE_LOADER = "$(TEST_HOST)";
				CODE_SIGN_STYLE = Automatic;
				DEVELOPMENT_TEAM = UEK3E6NUG7;
				INFOPLIST_FILE = gripTests/Info.plist;
				LD_RUNPATH_SEARCH_PATHS = "$(inherited) @executable_path/Frameworks @loader_path/Frameworks";
				PRODUCT_BUNDLE_IDENTIFIER = com.example.sherrill.gripTests;
				PRODUCT_NAME = "$(TARGET_NAME)";
				SWIFT_VERSION = 4.0;
				TARGETED_DEVICE_FAMILY = "1,2";
				TEST_HOST = "$(BUILT_PRODUCTS_DIR)/grip.app/grip";
			};
			name = Release;
		};
		693766A42081079300BB7999 /* Debug */ = {
			isa = XCBuildConfiguration;
			buildSettings = {
				ALWAYS_EMBED_SWIFT_STANDARD_LIBRARIES = YES;
				CODE_SIGN_STYLE = Automatic;
				DEVELOPMENT_TEAM = UEK3E6NUG7;
				INFOPLIST_FILE = gripUITests/Info.plist;
				LD_RUNPATH_SEARCH_PATHS = "$(inherited) @executable_path/Frameworks @loader_path/Frameworks";
				PRODUCT_BUNDLE_IDENTIFIER = com.example.sherrill.gripUITests;
				PRODUCT_NAME = "$(TARGET_NAME)";
				SWIFT_VERSION = 4.0;
				TARGETED_DEVICE_FAMILY = "1,2";
				TEST_TARGET_NAME = grip;
			};
			name = Debug;
		};
		693766A52081079300BB7999 /* Release */ = {
			isa = XCBuildConfiguration;
			buildSettings = {
				ALWAYS_EMBED_SWIFT_STANDARD_LIBRARIES = YES;
				CODE_SIGN_STYLE = Automatic;
				DEVELOPMENT_TEAM = UEK3E6NUG7;
				INFOPLIST_FILE = gripUITests/Info.plist;
				LD_RUNPATH_SEARCH_PATHS = "$(inherited) @executable_path/Frameworks @loader_path/Frameworks";
				PRODUCT_BUNDLE_IDENTIFIER = com.example.sherrill.gripUITests;
				PRODUCT_NAME = "$(TARGET_NAME)";
				SWIFT_VERSION = 4.0;
				TARGETED_DEVICE_FAMILY = "1,2";
				TEST_TARGET_NAME = grip;
			};
			name = Release;
		};
/* End XCBuildConfiguration section */

/* Begin XCConfigurationList section */
		6937666D2081079200BB7999 /* Build configuration list for PBXProject "grip" */ = {
			isa = XCConfigurationList;
			buildConfigurations = (
				6937669B2081079300BB7999 /* Debug */,
				6937669C2081079300BB7999 /* Release */,
			);
			defaultConfigurationIsVisible = 0;
			defaultConfigurationName = Release;
		};
		6937669D2081079300BB7999 /* Build configuration list for PBXNativeTarget "grip" */ = {
			isa = XCConfigurationList;
			buildConfigurations = (
				6937669E2081079300BB7999 /* Debug */,
				6937669F2081079300BB7999 /* Release */,
			);
			defaultConfigurationIsVisible = 0;
			defaultConfigurationName = Release;
		};
		693766A02081079300BB7999 /* Build configuration list for PBXNativeTarget "gripTests" */ = {
			isa = XCConfigurationList;
			buildConfigurations = (
				693766A12081079300BB7999 /* Debug */,
				693766A22081079300BB7999 /* Release */,
			);
			defaultConfigurationIsVisible = 0;
			defaultConfigurationName = Release;
		};
		693766A32081079300BB7999 /* Build configuration list for PBXNativeTarget "gripUITests" */ = {
			isa = XCConfigurationList;
			buildConfigurations = (
				693766A42081079300BB7999 /* Debug */,
				693766A52081079300BB7999 /* Release */,
			);
			defaultConfigurationIsVisible = 0;
			defaultConfigurationName = Release;
		};
/* End XCConfigurationList section */
	};
	rootObject = 6937666A2081079200BB7999 /* Project object */;
}
